// !$*UTF8*$!
{
	archiveVersion = 1;
	classes = {
	};
	objectVersion = 50;
	objects = {

/* Begin PBXBuildFile section */
		34D31BC521E6616900ABF6F7 /* AppDelegate.swift in Sources */ = {isa = PBXBuildFile; fileRef = 34D31BC421E6616900ABF6F7 /* AppDelegate.swift */; };
		34D31BCA21E6616900ABF6F7 /* Main.storyboard in Resources */ = {isa = PBXBuildFile; fileRef = 34D31BC821E6616900ABF6F7 /* Main.storyboard */; };
		34D31BCC21E6616A00ABF6F7 /* Assets.xcassets in Resources */ = {isa = PBXBuildFile; fileRef = 34D31BCB21E6616A00ABF6F7 /* Assets.xcassets */; };
		34D31BCF21E6616A00ABF6F7 /* LaunchScreen.storyboard in Resources */ = {isa = PBXBuildFile; fileRef = 34D31BCD21E6616A00ABF6F7 /* LaunchScreen.storyboard */; };
		34D31BDA21E6616A00ABF6F7 /* ARExpandableCellTests.swift in Sources */ = {isa = PBXBuildFile; fileRef = 34D31BD921E6616A00ABF6F7 /* ARExpandableCellTests.swift */; };
		34D31BF821E662F900ABF6F7 /* ExpandablePresenter.swift in Sources */ = {isa = PBXBuildFile; fileRef = 34D31BF221E662F900ABF6F7 /* ExpandablePresenter.swift */; };
		34D31BF921E662F900ABF6F7 /* ExpandableWorker.swift in Sources */ = {isa = PBXBuildFile; fileRef = 34D31BF321E662F900ABF6F7 /* ExpandableWorker.swift */; };
		34D31BFA21E662F900ABF6F7 /* ExpandableRouter.swift in Sources */ = {isa = PBXBuildFile; fileRef = 34D31BF421E662F900ABF6F7 /* ExpandableRouter.swift */; };
		34D31BFB21E662F900ABF6F7 /* ExpandableModels.swift in Sources */ = {isa = PBXBuildFile; fileRef = 34D31BF521E662F900ABF6F7 /* ExpandableModels.swift */; };
		34D31BFC21E662F900ABF6F7 /* ExpandableViewController.swift in Sources */ = {isa = PBXBuildFile; fileRef = 34D31BF621E662F900ABF6F7 /* ExpandableViewController.swift */; };
		34D31BFD21E662F900ABF6F7 /* ExpandableInteractor.swift in Sources */ = {isa = PBXBuildFile; fileRef = 34D31BF721E662F900ABF6F7 /* ExpandableInteractor.swift */; };
		34D31C0021E6862E00ABF6F7 /* HeaderFooterView.xib in Resources */ = {isa = PBXBuildFile; fileRef = 34D31BFF21E6862E00ABF6F7 /* HeaderFooterView.xib */; };
		34D31C0221E689BE00ABF6F7 /* HeaderFooterView.swift in Sources */ = {isa = PBXBuildFile; fileRef = 34D31C0121E689BE00ABF6F7 /* HeaderFooterView.swift */; };
/* End PBXBuildFile section */

/* Begin PBXContainerItemProxy section */
		34D31BD621E6616A00ABF6F7 /* PBXContainerItemProxy */ = {
			isa = PBXContainerItemProxy;
			containerPortal = 34D31BB921E6616900ABF6F7 /* Project object */;
			proxyType = 1;
			remoteGlobalIDString = 34D31BC021E6616900ABF6F7;
			remoteInfo = ARExpandableCell;
		};
/* End PBXContainerItemProxy section */

/* Begin PBXFileReference section */
		34D31BC121E6616900ABF6F7 /* ARExpandableCell.app */ = {isa = PBXFileReference; explicitFileType = wrapper.application; includeInIndex = 0; path = ARExpandableCell.app; sourceTree = BUILT_PRODUCTS_DIR; };
		34D31BC421E6616900ABF6F7 /* AppDelegate.swift */ = {isa = PBXFileReference; lastKnownFileType = sourcecode.swift; path = AppDelegate.swift; sourceTree = "<group>"; };
		34D31BC921E6616900ABF6F7 /* Base */ = {isa = PBXFileReference; lastKnownFileType = file.storyboard; name = Base; path = Base.lproj/Main.storyboard; sourceTree = "<group>"; };
		34D31BCB21E6616A00ABF6F7 /* Assets.xcassets */ = {isa = PBXFileReference; lastKnownFileType = folder.assetcatalog; path = Assets.xcassets; sourceTree = "<group>"; };
		34D31BCE21E6616A00ABF6F7 /* Base */ = {isa = PBXFileReference; lastKnownFileType = file.storyboard; name = Base; path = Base.lproj/LaunchScreen.storyboard; sourceTree = "<group>"; };
		34D31BD021E6616A00ABF6F7 /* Info.plist */ = {isa = PBXFileReference; lastKnownFileType = text.plist.xml; path = Info.plist; sourceTree = "<group>"; };
		34D31BD521E6616A00ABF6F7 /* ARExpandableCellTests.xctest */ = {isa = PBXFileReference; explicitFileType = wrapper.cfbundle; includeInIndex = 0; path = ARExpandableCellTests.xctest; sourceTree = BUILT_PRODUCTS_DIR; };
		34D31BD921E6616A00ABF6F7 /* ARExpandableCellTests.swift */ = {isa = PBXFileReference; lastKnownFileType = sourcecode.swift; path = ARExpandableCellTests.swift; sourceTree = "<group>"; };
		34D31BDB21E6616A00ABF6F7 /* Info.plist */ = {isa = PBXFileReference; lastKnownFileType = text.plist.xml; path = Info.plist; sourceTree = "<group>"; };
		34D31BF221E662F900ABF6F7 /* ExpandablePresenter.swift */ = {isa = PBXFileReference; lastKnownFileType = sourcecode.swift; path = ExpandablePresenter.swift; sourceTree = "<group>"; };
		34D31BF321E662F900ABF6F7 /* ExpandableWorker.swift */ = {isa = PBXFileReference; lastKnownFileType = sourcecode.swift; path = ExpandableWorker.swift; sourceTree = "<group>"; };
		34D31BF421E662F900ABF6F7 /* ExpandableRouter.swift */ = {isa = PBXFileReference; lastKnownFileType = sourcecode.swift; path = ExpandableRouter.swift; sourceTree = "<group>"; };
		34D31BF521E662F900ABF6F7 /* ExpandableModels.swift */ = {isa = PBXFileReference; lastKnownFileType = sourcecode.swift; path = ExpandableModels.swift; sourceTree = "<group>"; };
		34D31BF621E662F900ABF6F7 /* ExpandableViewController.swift */ = {isa = PBXFileReference; lastKnownFileType = sourcecode.swift; path = ExpandableViewController.swift; sourceTree = "<group>"; };
		34D31BF721E662F900ABF6F7 /* ExpandableInteractor.swift */ = {isa = PBXFileReference; lastKnownFileType = sourcecode.swift; path = ExpandableInteractor.swift; sourceTree = "<group>"; };
		34D31BFF21E6862E00ABF6F7 /* HeaderFooterView.xib */ = {isa = PBXFileReference; lastKnownFileType = file.xib; path = HeaderFooterView.xib; sourceTree = "<group>"; };
		34D31C0121E689BE00ABF6F7 /* HeaderFooterView.swift */ = {isa = PBXFileReference; lastKnownFileType = sourcecode.swift; path = HeaderFooterView.swift; sourceTree = "<group>"; };
/* End PBXFileReference section */

/* Begin PBXFrameworksBuildPhase section */
		34D31BBE21E6616900ABF6F7 /* Frameworks */ = {
			isa = PBXFrameworksBuildPhase;
			buildActionMask = 2147483647;
			files = (
			);
			runOnlyForDeploymentPostprocessing = 0;
		};
		34D31BD221E6616A00ABF6F7 /* Frameworks */ = {
			isa = PBXFrameworksBuildPhase;
			buildActionMask = 2147483647;
			files = (
			);
			runOnlyForDeploymentPostprocessing = 0;
		};
/* End PBXFrameworksBuildPhase section */

/* Begin PBXGroup section */
		34D31BB821E6616900ABF6F7 = {
			isa = PBXGroup;
			children = (
				34D31BC321E6616900ABF6F7 /* ARExpandableCell */,
				34D31BD821E6616A00ABF6F7 /* ARExpandableCellTests */,
				34D31BC221E6616900ABF6F7 /* Products */,
			);
			sourceTree = "<group>";
		};
		34D31BC221E6616900ABF6F7 /* Products */ = {
			isa = PBXGroup;
			children = (
				34D31BC121E6616900ABF6F7 /* ARExpandableCell.app */,
				34D31BD521E6616A00ABF6F7 /* ARExpandableCellTests.xctest */,
			);
			name = Products;
			sourceTree = "<group>";
		};
		34D31BC321E6616900ABF6F7 /* ARExpandableCell */ = {
			isa = PBXGroup;
			children = (
				34D31BC421E6616900ABF6F7 /* AppDelegate.swift */,
				34D31BE421E6619200ABF6F7 /* Scenes */,
				34D31BC821E6616900ABF6F7 /* Main.storyboard */,
				34D31BCB21E6616A00ABF6F7 /* Assets.xcassets */,
				34D31BCD21E6616A00ABF6F7 /* LaunchScreen.storyboard */,
				34D31BD021E6616A00ABF6F7 /* Info.plist */,
			);
			path = ARExpandableCell;
			sourceTree = "<group>";
		};
		34D31BD821E6616A00ABF6F7 /* ARExpandableCellTests */ = {
			isa = PBXGroup;
			children = (
				34D31BD921E6616A00ABF6F7 /* ARExpandableCellTests.swift */,
				34D31BDB21E6616A00ABF6F7 /* Info.plist */,
			);
			path = ARExpandableCellTests;
			sourceTree = "<group>";
		};
		34D31BE421E6619200ABF6F7 /* Scenes */ = {
			isa = PBXGroup;
			children = (
				34D31BF121E662E600ABF6F7 /* Expandable */,
			);
			path = Scenes;
			sourceTree = "<group>";
		};
		34D31BF121E662E600ABF6F7 /* Expandable */ = {
			isa = PBXGroup;
			children = (
				34D31BFE21E6861700ABF6F7 /* CustomViews */,
				34D31BF221E662F900ABF6F7 /* ExpandablePresenter.swift */,
				34D31BF321E662F900ABF6F7 /* ExpandableWorker.swift */,
				34D31BF421E662F900ABF6F7 /* ExpandableRouter.swift */,
				34D31BF521E662F900ABF6F7 /* ExpandableModels.swift */,
				34D31BF621E662F900ABF6F7 /* ExpandableViewController.swift */,
				34D31BF721E662F900ABF6F7 /* ExpandableInteractor.swift */,
			);
			path = Expandable;
			sourceTree = "<group>";
		};
		34D31BFE21E6861700ABF6F7 /* CustomViews */ = {
			isa = PBXGroup;
			children = (
				34D31BFF21E6862E00ABF6F7 /* HeaderFooterView.xib */,
				34D31C0121E689BE00ABF6F7 /* HeaderFooterView.swift */,
			);
			path = CustomViews;
			sourceTree = "<group>";
		};
/* End PBXGroup section */

/* Begin PBXNativeTarget section */
		34D31BC021E6616900ABF6F7 /* ARExpandableCell */ = {
			isa = PBXNativeTarget;
			buildConfigurationList = 34D31BDE21E6616A00ABF6F7 /* Build configuration list for PBXNativeTarget "ARExpandableCell" */;
			buildPhases = (
				34D31BBD21E6616900ABF6F7 /* Sources */,
				34D31BBE21E6616900ABF6F7 /* Frameworks */,
				34D31BBF21E6616900ABF6F7 /* Resources */,
			);
			buildRules = (
			);
			dependencies = (
			);
			name = ARExpandableCell;
			productName = ARExpandableCell;
			productReference = 34D31BC121E6616900ABF6F7 /* ARExpandableCell.app */;
			productType = "com.apple.product-type.application";
		};
		34D31BD421E6616A00ABF6F7 /* ARExpandableCellTests */ = {
			isa = PBXNativeTarget;
			buildConfigurationList = 34D31BE121E6616A00ABF6F7 /* Build configuration list for PBXNativeTarget "ARExpandableCellTests" */;
			buildPhases = (
				34D31BD121E6616A00ABF6F7 /* Sources */,
				34D31BD221E6616A00ABF6F7 /* Frameworks */,
				34D31BD321E6616A00ABF6F7 /* Resources */,
			);
			buildRules = (
			);
			dependencies = (
				34D31BD721E6616A00ABF6F7 /* PBXTargetDependency */,
			);
			name = ARExpandableCellTests;
			productName = ARExpandableCellTests;
			productReference = 34D31BD521E6616A00ABF6F7 /* ARExpandableCellTests.xctest */;
			productType = "com.apple.product-type.bundle.unit-test";
		};
/* End PBXNativeTarget section */

/* Begin PBXProject section */
		34D31BB921E6616900ABF6F7 /* Project object */ = {
			isa = PBXProject;
			attributes = {
				LastSwiftUpdateCheck = 1010;
				LastUpgradeCheck = 1010;
				ORGANIZATIONNAME = "Antony Raphel";
				TargetAttributes = {
					34D31BC021E6616900ABF6F7 = {
						CreatedOnToolsVersion = 10.1;
					};
					34D31BD421E6616A00ABF6F7 = {
						CreatedOnToolsVersion = 10.1;
						TestTargetID = 34D31BC021E6616900ABF6F7;
					};
				};
			};
			buildConfigurationList = 34D31BBC21E6616900ABF6F7 /* Build configuration list for PBXProject "ARExpandableCell" */;
			compatibilityVersion = "Xcode 9.3";
			developmentRegion = en;
			hasScannedForEncodings = 0;
			knownRegions = (
				en,
				Base,
			);
			mainGroup = 34D31BB821E6616900ABF6F7;
			productRefGroup = 34D31BC221E6616900ABF6F7 /* Products */;
			projectDirPath = "";
			projectRoot = "";
			targets = (
				34D31BC021E6616900ABF6F7 /* ARExpandableCell */,
				34D31BD421E6616A00ABF6F7 /* ARExpandableCellTests */,
			);
		};
/* End PBXProject section */

/* Begin PBXResourcesBuildPhase section */
		34D31BBF21E6616900ABF6F7 /* Resources */ = {
			isa = PBXResourcesBuildPhase;
			buildActionMask = 2147483647;
			files = (
				34D31C0021E6862E00ABF6F7 /* HeaderFooterView.xib in Resources */,
				34D31BCF21E6616A00ABF6F7 /* LaunchScreen.storyboard in Resources */,
				34D31BCC21E6616A00ABF6F7 /* Assets.xcassets in Resources */,
				34D31BCA21E6616900ABF6F7 /* Main.storyboard in Resources */,
			);
			runOnlyForDeploymentPostprocessing = 0;
		};
		34D31BD321E6616A00ABF6F7 /* Resources */ = {
			isa = PBXResourcesBuildPhase;
			buildActionMask = 2147483647;
			files = (
			);
			runOnlyForDeploymentPostprocessing = 0;
		};
/* End PBXResourcesBuildPhase section */

/* Begin PBXSourcesBuildPhase section */
		34D31BBD21E6616900ABF6F7 /* Sources */ = {
			isa = PBXSourcesBuildPhase;
			buildActionMask = 2147483647;
			files = (
				34D31BFC21E662F900ABF6F7 /* ExpandableViewController.swift in Sources */,
				34D31BF821E662F900ABF6F7 /* ExpandablePresenter.swift in Sources */,
				34D31BFB21E662F900ABF6F7 /* ExpandableModels.swift in Sources */,
				34D31BF921E662F900ABF6F7 /* ExpandableWorker.swift in Sources */,
				34D31C0221E689BE00ABF6F7 /* HeaderFooterView.swift in Sources */,
				34D31BFD21E662F900ABF6F7 /* ExpandableInteractor.swift in Sources */,
				34D31BFA21E662F900ABF6F7 /* ExpandableRouter.swift in Sources */,
				34D31BC521E6616900ABF6F7 /* AppDelegate.swift in Sources */,
			);
			runOnlyForDeploymentPostprocessing = 0;
		};
		34D31BD121E6616A00ABF6F7 /* Sources */ = {
			isa = PBXSourcesBuildPhase;
			buildActionMask = 2147483647;
			files = (
				34D31BDA21E6616A00ABF6F7 /* ARExpandableCellTests.swift in Sources */,
			);
			runOnlyForDeploymentPostprocessing = 0;
		};
/* End PBXSourcesBuildPhase section */

/* Begin PBXTargetDependency section */
		34D31BD721E6616A00ABF6F7 /* PBXTargetDependency */ = {
			isa = PBXTargetDependency;
			target = 34D31BC021E6616900ABF6F7 /* ARExpandableCell */;
			targetProxy = 34D31BD621E6616A00ABF6F7 /* PBXContainerItemProxy */;
		};
/* End PBXTargetDependency section */

/* Begin PBXVariantGroup section */
		34D31BC821E6616900ABF6F7 /* Main.storyboard */ = {
			isa = PBXVariantGroup;
			children = (
				34D31BC921E6616900ABF6F7 /* Base */,
			);
			name = Main.storyboard;
			sourceTree = "<group>";
		};
		34D31BCD21E6616A00ABF6F7 /* LaunchScreen.storyboard */ = {
			isa = PBXVariantGroup;
			children = (
				34D31BCE21E6616A00ABF6F7 /* Base */,
			);
			name = LaunchScreen.storyboard;
			sourceTree = "<group>";
		};
/* End PBXVariantGroup section */

/* Begin XCBuildConfiguration section */
		34D31BDC21E6616A00ABF6F7 /* Debug */ = {
			isa = XCBuildConfiguration;
			buildSettings = {
				ALWAYS_SEARCH_USER_PATHS = NO;
				CLANG_ANALYZER_NONNULL = YES;
				CLANG_ANALYZER_NUMBER_OBJECT_CONVERSION = YES_AGGRESSIVE;
				CLANG_CXX_LANGUAGE_STANDARD = "gnu++14";
				CLANG_CXX_LIBRARY = "libc++";
				CLANG_ENABLE_MODULES = YES;
				CLANG_ENABLE_OBJC_ARC = YES;
				CLANG_ENABLE_OBJC_WEAK = YES;
				CLANG_WARN_BLOCK_CAPTURE_AUTORELEASING = YES;
				CLANG_WARN_BOOL_CONVERSION = YES;
				CLANG_WARN_COMMA = YES;
				CLANG_WARN_CONSTANT_CONVERSION = YES;
				CLANG_WARN_DEPRECATED_OBJC_IMPLEMENTATIONS = YES;
				CLANG_WARN_DIRECT_OBJC_ISA_USAGE = YES_ERROR;
				CLANG_WARN_DOCUMENTATION_COMMENTS = YES;
				CLANG_WARN_EMPTY_BODY = YES;
				CLANG_WARN_ENUM_CONVERSION = YES;
				CLANG_WARN_INFINITE_RECURSION = YES;
				CLANG_WARN_INT_CONVERSION = YES;
				CLANG_WARN_NON_LITERAL_NULL_CONVERSION = YES;
				CLANG_WARN_OBJC_IMPLICIT_RETAIN_SELF = YES;
				CLANG_WARN_OBJC_LITERAL_CONVERSION = YES;
				CLANG_WARN_OBJC_ROOT_CLASS = YES_ERROR;
				CLANG_WARN_RANGE_LOOP_ANALYSIS = YES;
				CLANG_WARN_STRICT_PROTOTYPES = YES;
				CLANG_WARN_SUSPICIOUS_MOVE = YES;
				CLANG_WARN_UNGUARDED_AVAILABILITY = YES_AGGRESSIVE;
				CLANG_WARN_UNREACHABLE_CODE = YES;
				CLANG_WARN__DUPLICATE_METHOD_MATCH = YES;
				CODE_SIGN_IDENTITY = "iPhone Developer";
				COPY_PHASE_STRIP = NO;
				DEBUG_INFORMATION_FORMAT = dwarf;
				ENABLE_STRICT_OBJC_MSGSEND = YES;
				ENABLE_TESTABILITY = YES;
				GCC_C_LANGUAGE_STANDARD = gnu11;
				GCC_DYNAMIC_NO_PIC = NO;
				GCC_NO_COMMON_BLOCKS = YES;
				GCC_OPTIMIZATION_LEVEL = 0;
				GCC_PREPROCESSOR_DEFINITIONS = (
					"DEBUG=1",
					"$(inherited)",
				);
				GCC_WARN_64_TO_32_BIT_CONVERSION = YES;
				GCC_WARN_ABOUT_RETURN_TYPE = YES_ERROR;
				GCC_WARN_UNDECLARED_SELECTOR = YES;
				GCC_WARN_UNINITIALIZED_AUTOS = YES_AGGRESSIVE;
				GCC_WARN_UNUSED_FUNCTION = YES;
				GCC_WARN_UNUSED_VARIABLE = YES;
				IPHONEOS_DEPLOYMENT_TARGET = 9.0;
				MTL_ENABLE_DEBUG_INFO = INCLUDE_SOURCE;
				MTL_FAST_MATH = YES;
				ONLY_ACTIVE_ARCH = YES;
				SDKROOT = iphoneos;
				SWIFT_ACTIVE_COMPILATION_CONDITIONS = DEBUG;
				SWIFT_OPTIMIZATION_LEVEL = "-Onone";
			};
			name = Debug;
		};
		34D31BDD21E6616A00ABF6F7 /* Release */ = {
			isa = XCBuildConfiguration;
			buildSettings = {
				ALWAYS_SEARCH_USER_PATHS = NO;
				CLANG_ANALYZER_NONNULL = YES;
				CLANG_ANALYZER_NUMBER_OBJECT_CONVERSION = YES_AGGRESSIVE;
				CLANG_CXX_LANGUAGE_STANDARD = "gnu++14";
				CLANG_CXX_LIBRARY = "libc++";
				CLANG_ENABLE_MODULES = YES;
				CLANG_ENABLE_OBJC_ARC = YES;
				CLANG_ENABLE_OBJC_WEAK = YES;
				CLANG_WARN_BLOCK_CAPTURE_AUTORELEASING = YES;
				CLANG_WARN_BOOL_CONVERSION = YES;
				CLANG_WARN_COMMA = YES;
				CLANG_WARN_CONSTANT_CONVERSION = YES;
				CLANG_WARN_DEPRECATED_OBJC_IMPLEMENTATIONS = YES;
				CLANG_WARN_DIRECT_OBJC_ISA_USAGE = YES_ERROR;
				CLANG_WARN_DOCUMENTATION_COMMENTS = YES;
				CLANG_WARN_EMPTY_BODY = YES;
				CLANG_WARN_ENUM_CONVERSION = YES;
				CLANG_WARN_INFINITE_RECURSION = YES;
				CLANG_WARN_INT_CONVERSION = YES;
				CLANG_WARN_NON_LITERAL_NULL_CONVERSION = YES;
				CLANG_WARN_OBJC_IMPLICIT_RETAIN_SELF = YES;
				CLANG_WARN_OBJC_LITERAL_CONVERSION = YES;
				CLANG_WARN_OBJC_ROOT_CLASS = YES_ERROR;
				CLANG_WARN_RANGE_LOOP_ANALYSIS = YES;
				CLANG_WARN_STRICT_PROTOTYPES = YES;
				CLANG_WARN_SUSPICIOUS_MOVE = YES;
				CLANG_WARN_UNGUARDED_AVAILABILITY = YES_AGGRESSIVE;
				CLANG_WARN_UNREACHABLE_CODE = YES;
				CLANG_WARN__DUPLICATE_METHOD_MATCH = YES;
				CODE_SIGN_IDENTITY = "iPhone Developer";
				COPY_PHASE_STRIP = NO;
				DEBUG_INFORMATION_FORMAT = "dwarf-with-dsym";
				ENABLE_NS_ASSERTIONS = NO;
				ENABLE_STRICT_OBJC_MSGSEND = YES;
				GCC_C_LANGUAGE_STANDARD = gnu11;
				GCC_NO_COMMON_BLOCKS = YES;
				GCC_WARN_64_TO_32_BIT_CONVERSION = YES;
				GCC_WARN_ABOUT_RETURN_TYPE = YES_ERROR;
				GCC_WARN_UNDECLARED_SELECTOR = YES;
				GCC_WARN_UNINITIALIZED_AUTOS = YES_AGGRESSIVE;
				GCC_WARN_UNUSED_FUNCTION = YES;
				GCC_WARN_UNUSED_VARIABLE = YES;
				IPHONEOS_DEPLOYMENT_TARGET = 9.0;
				MTL_ENABLE_DEBUG_INFO = NO;
				MTL_FAST_MATH = YES;
				SDKROOT = iphoneos;
				SWIFT_COMPILATION_MODE = wholemodule;
				SWIFT_OPTIMIZATION_LEVEL = "-O";
				VALIDATE_PRODUCT = YES;
			};
			name = Release;
		};
		34D31BDF21E6616A00ABF6F7 /* Debug */ = {
			isa = XCBuildConfiguration;
			buildSettings = {
				ASSETCATALOG_COMPILER_APPICON_NAME = AppIcon;
				CODE_SIGN_STYLE = Automatic;
				INFOPLIST_FILE = ARExpandableCell/Info.plist;
				IPHONEOS_DEPLOYMENT_TARGET = 9.0;
				LD_RUNPATH_SEARCH_PATHS = (
					"$(inherited)",
					"@executable_path/Frameworks",
				);
				PRODUCT_BUNDLE_IDENTIFIER = antonyraphel.ARExpandableCell;
				PRODUCT_NAME = "$(TARGET_NAME)";
				SWIFT_VERSION = 4.2;
				TARGETED_DEVICE_FAMILY = "1,2";
			};
			name = Debug;
		};
		34D31BE021E6616A00ABF6F7 /* Release */ = {
			isa = XCBuildConfiguration;
			buildSettings = {
				ASSETCATALOG_COMPILER_APPICON_NAME = AppIcon;
				CODE_SIGN_STYLE = Automatic;
				INFOPLIST_FILE = ARExpandableCell/Info.plist;
				IPHONEOS_DEPLOYMENT_TARGET = 9.0;
				LD_RUNPATH_SEARCH_PATHS = (
					"$(inherited)",
					"@executable_path/Frameworks",
				);
				PRODUCT_BUNDLE_IDENTIFIER = antonyraphel.ARExpandableCell;
				PRODUCT_NAME = "$(TARGET_NAME)";
				SWIFT_VERSION = 4.2;
				TARGETED_DEVICE_FAMILY = "1,2";
			};
			name = Release;
		};
		34D31BE221E6616A00ABF6F7 /* Debug */ = {
			isa = XCBuildConfiguration;
			buildSettings = {
				ALWAYS_EMBED_SWIFT_STANDARD_LIBRARIES = YES;
				BUNDLE_LOADER = "$(TEST_HOST)";
				CODE_SIGN_STYLE = Automatic;
				INFOPLIST_FILE = ARExpandableCellTests/Info.plist;
				LD_RUNPATH_SEARCH_PATHS = (
					"$(inherited)",
					"@executable_path/Frameworks",
					"@loader_path/Frameworks",
				);
				PRODUCT_BUNDLE_IDENTIFIER = antonyraphel.ARExpandableCellTests;
				PRODUCT_NAME = "$(TARGET_NAME)";
				SWIFT_VERSION = 4.2;
				TARGETED_DEVICE_FAMILY = "1,2";
				TEST_HOST = "$(BUILT_PRODUCTS_DIR)/ARExpandableCell.app/ARExpandableCell";
			};
			name = Debug;
		};
		34D31BE321E6616A00ABF6F7 /* Release */ = {
			isa = XCBuildConfiguration;
			buildSettings = {
				ALWAYS_EMBED_SWIFT_STANDARD_LIBRARIES = YES;
				BUNDLE_LOADER = "$(TEST_HOST)";
				CODE_SIGN_STYLE = Automatic;
				INFOPLIST_FILE = ARExpandableCellTests/Info.plist;
				LD_RUNPATH_SEARCH_PATHS = (
					"$(inherited)",
					"@executable_path/Frameworks",
					"@loader_path/Frameworks",
				);
				PRODUCT_BUNDLE_IDENTIFIER = antonyraphel.ARExpandableCellTests;
				PRODUCT_NAME = "$(TARGET_NAME)";
				SWIFT_VERSION = 4.2;
				TARGETED_DEVICE_FAMILY = "1,2";
				TEST_HOST = "$(BUILT_PRODUCTS_DIR)/ARExpandableCell.app/ARExpandableCell";
			};
			name = Release;
		};
/* End XCBuildConfiguration section */

/* Begin XCConfigurationList section */
		34D31BBC21E6616900ABF6F7 /* Build configuration list for PBXProject "ARExpandableCell" */ = {
			isa = XCConfigurationList;
			buildConfigurations = (
				34D31BDC21E6616A00ABF6F7 /* Debug */,
				34D31BDD21E6616A00ABF6F7 /* Release */,
			);
			defaultConfigurationIsVisible = 0;
			defaultConfigurationName = Release;
		};
		34D31BDE21E6616A00ABF6F7 /* Build configuration list for PBXNativeTarget "ARExpandableCell" */ = {
			isa = XCConfigurationList;
			buildConfigurations = (
				34D31BDF21E6616A00ABF6F7 /* Debug */,
				34D31BE021E6616A00ABF6F7 /* Release */,
			);
			defaultConfigurationIsVisible = 0;
			defaultConfigurationName = Release;
		};
		34D31BE121E6616A00ABF6F7 /* Build configuration list for PBXNativeTarget "ARExpandableCellTests" */ = {
			isa = XCConfigurationList;
			buildConfigurations = (
				34D31BE221E6616A00ABF6F7 /* Debug */,
				34D31BE321E6616A00ABF6F7 /* Release */,
			);
			defaultConfigurationIsVisible = 0;
			defaultConfigurationName = Release;
		};
/* End XCConfigurationList section */
	};
	rootObject = 34D31BB921E6616900ABF6F7 /* Project object */;
}
